
Microsoft Visual Studio Solution File, Format Version 12.00
# Visual Studio 15
VisualStudioVersion = 15.0.28307.1259
MinimumVisualStudioVersion = 10.0.40219.1
Project("{FAE04EC0-301F-11D3-BF4B-00C04F79EFBC}") = "NandaYudhaP_004_UASPAW", "NandaYudhaP_004_UASPAW\NandaYudhaP_004_UASPAW.csproj", "{6E99661D-10F0-4454-BAE7-721F16666EC6}"
EndProject
Global
	GlobalSection(SolutionConfigurationPlatforms) = preSolution
		Debug|Any CPU = Debug|Any CPU
		Release|Any CPU = Release|Any CPU
	EndGlobalSection
	GlobalSection(ProjectConfigurationPlatforms) = postSolution
		{6E99661D-10F0-4454-BAE7-721F16666EC6}.Debug|Any CPU.ActiveCfg = Debug|Any CPU
		{6E99661D-10F0-4454-BAE7-721F16666EC6}.Debug|Any CPU.Build.0 = Debug|Any CPU
		{6E99661D-10F0-4454-BAE7-721F16666EC6}.Release|Any CPU.ActiveCfg = Release|Any CPU
		{6E99661D-10F0-4454-BAE7-721F16666EC6}.Release|Any CPU.Build.0 = Release|Any CPU
	EndGlobalSection
	GlobalSection(SolutionProperties) = preSolution
		HideSolutionNode = FALSE
	EndGlobalSection
	GlobalSection(ExtensibilityGlobals) = postSolution
		SolutionGuid = {B5C41FC1-8F88-4B26-B90F-43D8E4F84833}
	EndGlobalSection
EndGlobal
